// !$*UTF8*$!
{
	archiveVersion = 1;
	classes = {
	};
	objectVersion = 50;
	objects = {

/* Begin PBXBuildFile section */
		1A0B35B02515346600BB76D2 /* CurveLine.swift in Sources */ = {isa = PBXBuildFile; fileRef = 1A0B35AF2515346600BB76D2 /* CurveLine.swift */; };
		1A0B35B325153A3000BB76D2 /* Extensions.swift in Sources */ = {isa = PBXBuildFile; fileRef = 1A0B35B225153A3000BB76D2 /* Extensions.swift */; };
		1A9076A32511B25E006ACB72 /* AppDelegate.swift in Sources */ = {isa = PBXBuildFile; fileRef = 1A9076A22511B25E006ACB72 /* AppDelegate.swift */; };
		1A9076A52511B25E006ACB72 /* SceneDelegate.swift in Sources */ = {isa = PBXBuildFile; fileRef = 1A9076A42511B25E006ACB72 /* SceneDelegate.swift */; };
		1A9076A72511B25E006ACB72 /* ViewController.swift in Sources */ = {isa = PBXBuildFile; fileRef = 1A9076A62511B25E006ACB72 /* ViewController.swift */; };
		1A9076AC2511B25F006ACB72 /* Assets.xcassets in Resources */ = {isa = PBXBuildFile; fileRef = 1A9076AB2511B25F006ACB72 /* Assets.xcassets */; };
		1A9076AF2511B25F006ACB72 /* LaunchScreen.storyboard in Resources */ = {isa = PBXBuildFile; fileRef = 1A9076AD2511B25F006ACB72 /* LaunchScreen.storyboard */; };
		5D30110D2512F1F0005E5572 /* SingleLine.swift in Sources */ = {isa = PBXBuildFile; fileRef = 5D30110C2512F1F0005E5572 /* SingleLine.swift */; };
/* End PBXBuildFile section */

/* Begin PBXFileReference section */
		1A0B35AF2515346600BB76D2 /* CurveLine.swift */ = {isa = PBXFileReference; lastKnownFileType = sourcecode.swift; path = CurveLine.swift; sourceTree = "<group>"; };
		1A0B35B225153A3000BB76D2 /* Extensions.swift */ = {isa = PBXFileReference; lastKnownFileType = sourcecode.swift; path = Extensions.swift; sourceTree = "<group>"; };
		1A90769F2511B25E006ACB72 /* CustomUserInterface.app */ = {isa = PBXFileReference; explicitFileType = wrapper.application; includeInIndex = 0; path = CustomUserInterface.app; sourceTree = BUILT_PRODUCTS_DIR; };
		1A9076A22511B25E006ACB72 /* AppDelegate.swift */ = {isa = PBXFileReference; lastKnownFileType = sourcecode.swift; path = AppDelegate.swift; sourceTree = "<group>"; };
		1A9076A42511B25E006ACB72 /* SceneDelegate.swift */ = {isa = PBXFileReference; lastKnownFileType = sourcecode.swift; path = SceneDelegate.swift; sourceTree = "<group>"; };
		1A9076A62511B25E006ACB72 /* ViewController.swift */ = {isa = PBXFileReference; lastKnownFileType = sourcecode.swift; path = ViewController.swift; sourceTree = "<group>"; };
		1A9076AB2511B25F006ACB72 /* Assets.xcassets */ = {isa = PBXFileReference; lastKnownFileType = folder.assetcatalog; path = Assets.xcassets; sourceTree = "<group>"; };
		1A9076AE2511B25F006ACB72 /* Base */ = {isa = PBXFileReference; lastKnownFileType = file.storyboard; name = Base; path = Base.lproj/LaunchScreen.storyboard; sourceTree = "<group>"; };
		1A9076B02511B25F006ACB72 /* Info.plist */ = {isa = PBXFileReference; lastKnownFileType = text.plist.xml; path = Info.plist; sourceTree = "<group>"; };
		5D30110C2512F1F0005E5572 /* SingleLine.swift */ = {isa = PBXFileReference; lastKnownFileType = sourcecode.swift; path = SingleLine.swift; sourceTree = "<group>"; };
/* End PBXFileReference section */

/* Begin PBXFrameworksBuildPhase section */
		1A90769C2511B25E006ACB72 /* Frameworks */ = {
			isa = PBXFrameworksBuildPhase;
			buildActionMask = 2147483647;
			files = (
			);
			runOnlyForDeploymentPostprocessing = 0;
		};
/* End PBXFrameworksBuildPhase section */

/* Begin PBXGroup section */
		1A0B35B525153A3F00BB76D2 /* Utilities */ = {
			isa = PBXGroup;
			children = (
				1A0B35B225153A3000BB76D2 /* Extensions.swift */,
			);
			path = Utilities;
			sourceTree = "<group>";
		};
		1A0B35B8251556C900BB76D2 /* Animations */ = {
			isa = PBXGroup;
			children = (
			);
			path = Animations;
			sourceTree = "<group>";
		};
		1A9076962511B25E006ACB72 = {
			isa = PBXGroup;
			children = (
				1A9076A12511B25E006ACB72 /* CustomUserInterface */,
				1A9076A02511B25E006ACB72 /* Products */,
			);
			sourceTree = "<group>";
		};
		1A9076A02511B25E006ACB72 /* Products */ = {
			isa = PBXGroup;
			children = (
				1A90769F2511B25E006ACB72 /* CustomUserInterface.app */,
			);
			name = Products;
			sourceTree = "<group>";
		};
		1A9076A12511B25E006ACB72 /* CustomUserInterface */ = {
			isa = PBXGroup;
			children = (
				1A0B35B525153A3F00BB76D2 /* Utilities */,
				1A0B35B8251556C900BB76D2 /* Animations */,
				5D30110B2512EF5B005E5572 /* Drawing */,
				1A9076A22511B25E006ACB72 /* AppDelegate.swift */,
				1A9076A42511B25E006ACB72 /* SceneDelegate.swift */,
				1A9076A62511B25E006ACB72 /* ViewController.swift */,
				1A9076AB2511B25F006ACB72 /* Assets.xcassets */,
				1A9076AD2511B25F006ACB72 /* LaunchScreen.storyboard */,
				1A9076B02511B25F006ACB72 /* Info.plist */,
			);
			path = CustomUserInterface;
			sourceTree = "<group>";
		};
		5D30110B2512EF5B005E5572 /* Drawing */ = {
			isa = PBXGroup;
			children = (
				5D30110C2512F1F0005E5572 /* SingleLine.swift */,
				1A0B35AF2515346600BB76D2 /* CurveLine.swift */,
			);
			path = Drawing;
			sourceTree = "<group>";
		};
/* End PBXGroup section */

/* Begin PBXNativeTarget section */
		1A90769E2511B25E006ACB72 /* CustomUserInterface */ = {
			isa = PBXNativeTarget;
			buildConfigurationList = 1A9076B32511B25F006ACB72 /* Build configuration list for PBXNativeTarget "CustomUserInterface" */;
			buildPhases = (
				1A90769B2511B25E006ACB72 /* Sources */,
				1A90769C2511B25E006ACB72 /* Frameworks */,
				1A90769D2511B25E006ACB72 /* Resources */,
			);
			buildRules = (
			);
			dependencies = (
			);
			name = CustomUserInterface;
			productName = CustomAnimations;
			productReference = 1A90769F2511B25E006ACB72 /* CustomUserInterface.app */;
			productType = "com.apple.product-type.application";
		};
/* End PBXNativeTarget section */

/* Begin PBXProject section */
		1A9076972511B25E006ACB72 /* Project object */ = {
			isa = PBXProject;
			attributes = {
				LastSwiftUpdateCheck = 1170;
				LastUpgradeCheck = 1170;
				ORGANIZATIONNAME = "Aaron Cleveland";
				TargetAttributes = {
					1A90769E2511B25E006ACB72 = {
						CreatedOnToolsVersion = 11.7;
					};
				};
			};
			buildConfigurationList = 1A90769A2511B25E006ACB72 /* Build configuration list for PBXProject "CustomUserInterface" */;
			compatibilityVersion = "Xcode 9.3";
			developmentRegion = en;
			hasScannedForEncodings = 0;
			knownRegions = (
				en,
				Base,
			);
			mainGroup = 1A9076962511B25E006ACB72;
			productRefGroup = 1A9076A02511B25E006ACB72 /* Products */;
			projectDirPath = "";
			projectRoot = "";
			targets = (
				1A90769E2511B25E006ACB72 /* CustomUserInterface */,
			);
		};
/* End PBXProject section */

/* Begin PBXResourcesBuildPhase section */
		1A90769D2511B25E006ACB72 /* Resources */ = {
			isa = PBXResourcesBuildPhase;
			buildActionMask = 2147483647;
			files = (
				1A9076AF2511B25F006ACB72 /* LaunchScreen.storyboard in Resources */,
				1A9076AC2511B25F006ACB72 /* Assets.xcassets in Resources */,
			);
			runOnlyForDeploymentPostprocessing = 0;
		};
/* End PBXResourcesBuildPhase section */

/* Begin PBXSourcesBuildPhase section */
		1A90769B2511B25E006ACB72 /* Sources */ = {
			isa = PBXSourcesBuildPhase;
			buildActionMask = 2147483647;
			files = (
				1A9076A72511B25E006ACB72 /* ViewController.swift in Sources */,
				1A0B35B325153A3000BB76D2 /* Extensions.swift in Sources */,
				5D30110D2512F1F0005E5572 /* SingleLine.swift in Sources */,
				1A9076A32511B25E006ACB72 /* AppDelegate.swift in Sources */,
				1A9076A52511B25E006ACB72 /* SceneDelegate.swift in Sources */,
				1A0B35B02515346600BB76D2 /* CurveLine.swift in Sources */,
			);
			runOnlyForDeploymentPostprocessing = 0;
		};
/* End PBXSourcesBuildPhase section */

/* Begin PBXVariantGroup section */
		1A9076AD2511B25F006ACB72 /* LaunchScreen.storyboard */ = {
			isa = PBXVariantGroup;
			children = (
				1A9076AE2511B25F006ACB72 /* Base */,
			);
			name = LaunchScreen.storyboard;
			sourceTree = "<group>";
		};
/* End PBXVariantGroup section */

/* Begin XCBuildConfiguration section */
		1A9076B12511B25F006ACB72 /* Debug */ = {
			isa = XCBuildConfiguration;
			buildSettings = {
				ALWAYS_SEARCH_USER_PATHS = NO;
				CLANG_ANALYZER_NONNULL = YES;
				CLANG_ANALYZER_NUMBER_OBJECT_CONVERSION = YES_AGGRESSIVE;
				CLANG_CXX_LANGUAGE_STANDARD = "gnu++14";
				CLANG_CXX_LIBRARY = "libc++";
				CLANG_ENABLE_MODULES = YES;
				CLANG_ENABLE_OBJC_ARC = YES;
				CLANG_ENABLE_OBJC_WEAK = YES;
				CLANG_WARN_BLOCK_CAPTURE_AUTORELEASING = YES;
				CLANG_WARN_BOOL_CONVERSION = YES;
				CLANG_WARN_COMMA = YES;
				CLANG_WARN_CONSTANT_CONVERSION = YES;
				CLANG_WARN_DEPRECATED_OBJC_IMPLEMENTATIONS = YES;
				CLANG_WARN_DIRECT_OBJC_ISA_USAGE = YES_ERROR;
				CLANG_WARN_DOCUMENTATION_COMMENTS = YES;
				CLANG_WARN_EMPTY_BODY = YES;
				CLANG_WARN_ENUM_CONVERSION = YES;
				CLANG_WARN_INFINITE_RECURSION = YES;
				CLANG_WARN_INT_CONVERSION = YES;
				CLANG_WARN_NON_LITERAL_NULL_CONVERSION = YES;
				CLANG_WARN_OBJC_IMPLICIT_RETAIN_SELF = YES;
				CLANG_WARN_OBJC_LITERAL_CONVERSION = YES;
				CLANG_WARN_OBJC_ROOT_CLASS = YES_ERROR;
				CLANG_WARN_RANGE_LOOP_ANALYSIS = YES;
				CLANG_WARN_STRICT_PROTOTYPES = YES;
				CLANG_WARN_SUSPICIOUS_MOVE = YES;
				CLANG_WARN_UNGUARDED_AVAILABILITY = YES_AGGRESSIVE;
				CLANG_WARN_UNREACHABLE_CODE = YES;
				CLANG_WARN__DUPLICATE_METHOD_MATCH = YES;
				COPY_PHASE_STRIP = NO;
				DEBUG_INFORMATION_FORMAT = dwarf;
				ENABLE_STRICT_OBJC_MSGSEND = YES;
				ENABLE_TESTABILITY = YES;
				GCC_C_LANGUAGE_STANDARD = gnu11;
				GCC_DYNAMIC_NO_PIC = NO;
				GCC_NO_COMMON_BLOCKS = YES;
				GCC_OPTIMIZATION_LEVEL = 0;
				GCC_PREPROCESSOR_DEFINITIONS = (
					"DEBUG=1",
					"$(inherited)",
				);
				GCC_WARN_64_TO_32_BIT_CONVERSION = YES;
				GCC_WARN_ABOUT_RETURN_TYPE = YES_ERROR;
				GCC_WARN_UNDECLARED_SELECTOR = YES;
				GCC_WARN_UNINITIALIZED_AUTOS = YES_AGGRESSIVE;
				GCC_WARN_UNUSED_FUNCTION = YES;
				GCC_WARN_UNUSED_VARIABLE = YES;
				IPHONEOS_DEPLOYMENT_TARGET = 13.7;
				MTL_ENABLE_DEBUG_INFO = INCLUDE_SOURCE;
				MTL_FAST_MATH = YES;
				ONLY_ACTIVE_ARCH = YES;
				SDKROOT = iphoneos;
				SWIFT_ACTIVE_COMPILATION_CONDITIONS = DEBUG;
				SWIFT_OPTIMIZATION_LEVEL = "-Onone";
			};
			name = Debug;
		};
		1A9076B22511B25F006ACB72 /* Release */ = {
			isa = XCBuildConfiguration;
			buildSettings = {
				ALWAYS_SEARCH_USER_PATHS = NO;
				CLANG_ANALYZER_NONNULL = YES;
				CLANG_ANALYZER_NUMBER_OBJECT_CONVERSION = YES_AGGRESSIVE;
				CLANG_CXX_LANGUAGE_STANDARD = "gnu++14";
				CLANG_CXX_LIBRARY = "libc++";
				CLANG_ENABLE_MODULES = YES;
				CLANG_ENABLE_OBJC_ARC = YES;
				CLANG_ENABLE_OBJC_WEAK = YES;
				CLANG_WARN_BLOCK_CAPTURE_AUTORELEASING = YES;
				CLANG_WARN_BOOL_CONVERSION = YES;
				CLANG_WARN_COMMA = YES;
				CLANG_WARN_CONSTANT_CONVERSION = YES;
				CLANG_WARN_DEPRECATED_OBJC_IMPLEMENTATIONS = YES;
				CLANG_WARN_DIRECT_OBJC_ISA_USAGE = YES_ERROR;
				CLANG_WARN_DOCUMENTATION_COMMENTS = YES;
				CLANG_WARN_EMPTY_BODY = YES;
				CLANG_WARN_ENUM_CONVERSION = YES;
				CLANG_WARN_INFINITE_RECURSION = YES;
				CLANG_WARN_INT_CONVERSION = YES;
				CLANG_WARN_NON_LITERAL_NULL_CONVERSION = YES;
				CLANG_WARN_OBJC_IMPLICIT_RETAIN_SELF = YES;
				CLANG_WARN_OBJC_LITERAL_CONVERSION = YES;
				CLANG_WARN_OBJC_ROOT_CLASS = YES_ERROR;
				CLANG_WARN_RANGE_LOOP_ANALYSIS = YES;
				CLANG_WARN_STRICT_PROTOTYPES = YES;
				CLANG_WARN_SUSPICIOUS_MOVE = YES;
				CLANG_WARN_UNGUARDED_AVAILABILITY = YES_AGGRESSIVE;
				CLANG_WARN_UNREACHABLE_CODE = YES;
				CLANG_WARN__DUPLICATE_METHOD_MATCH = YES;
				COPY_PHASE_STRIP = NO;
				DEBUG_INFORMATION_FORMAT = "dwarf-with-dsym";
				ENABLE_NS_ASSERTIONS = NO;
				ENABLE_STRICT_OBJC_MSGSEND = YES;
				GCC_C_LANGUAGE_STANDARD = gnu11;
				GCC_NO_COMMON_BLOCKS = YES;
				GCC_WARN_64_TO_32_BIT_CONVERSION = YES;
				GCC_WARN_ABOUT_RETURN_TYPE = YES_ERROR;
				GCC_WARN_UNDECLARED_SELECTOR = YES;
				GCC_WARN_UNINITIALIZED_AUTOS = YES_AGGRESSIVE;
				GCC_WARN_UNUSED_FUNCTION = YES;
				GCC_WARN_UNUSED_VARIABLE = YES;
				IPHONEOS_DEPLOYMENT_TARGET = 13.7;
				MTL_ENABLE_DEBUG_INFO = NO;
				MTL_FAST_MATH = YES;
				SDKROOT = iphoneos;
				SWIFT_COMPILATION_MODE = wholemodule;
				SWIFT_OPTIMIZATION_LEVEL = "-O";
				VALIDATE_PRODUCT = YES;
			};
			name = Release;
		};
		1A9076B42511B25F006ACB72 /* Debug */ = {
			isa = XCBuildConfiguration;
			buildSettings = {
				ASSETCATALOG_COMPILER_APPICON_NAME = AppIcon;
				CODE_SIGN_STYLE = Automatic;
				DEVELOPMENT_TEAM = 7G4A2JWWKQ;
				INFOPLIST_FILE = "$(SRCROOT)/CustomUserInterface/Info.plist";
				LD_RUNPATH_SEARCH_PATHS = (
					"$(inherited)",
					"@executable_path/Frameworks",
				);
				PRODUCT_BUNDLE_IDENTIFIER = com.AaronCleveland.CustomAnimations;
				PRODUCT_NAME = "$(TARGET_NAME)";
				SWIFT_VERSION = 5.0;
				TARGETED_DEVICE_FAMILY = "1,2";
			};
			name = Debug;
		};
		1A9076B52511B25F006ACB72 /* Release */ = {
			isa = XCBuildConfiguration;
			buildSettings = {
				ASSETCATALOG_COMPILER_APPICON_NAME = AppIcon;
				CODE_SIGN_STYLE = Automatic;
				DEVELOPMENT_TEAM = 7G4A2JWWKQ;
				INFOPLIST_FILE = "$(SRCROOT)/CustomUserInterface/Info.plist";
				LD_RUNPATH_SEARCH_PATHS = (
					"$(inherited)",
					"@executable_path/Frameworks",
				);
				PRODUCT_BUNDLE_IDENTIFIER = com.AaronCleveland.CustomAnimations;
				PRODUCT_NAME = "$(TARGET_NAME)";
				SWIFT_VERSION = 5.0;
				TARGETED_DEVICE_FAMILY = "1,2";
			};
			name = Release;
		};
/* End XCBuildConfiguration section */

/* Begin XCConfigurationList section */
		1A90769A2511B25E006ACB72 /* Build configuration list for PBXProject "CustomUserInterface" */ = {
			isa = XCConfigurationList;
			buildConfigurations = (
				1A9076B12511B25F006ACB72 /* Debug */,
				1A9076B22511B25F006ACB72 /* Release */,
			);
			defaultConfigurationIsVisible = 0;
			defaultConfigurationName = Release;
		};
		1A9076B32511B25F006ACB72 /* Build configuration list for PBXNativeTarget "CustomUserInterface" */ = {
			isa = XCConfigurationList;
			buildConfigurations = (
				1A9076B42511B25F006ACB72 /* Debug */,
				1A9076B52511B25F006ACB72 /* Release */,
			);
			defaultConfigurationIsVisible = 0;
			defaultConfigurationName = Release;
		};
/* End XCConfigurationList section */
	};
	rootObject = 1A9076972511B25E006ACB72 /* Project object */;
}
